{
    "_readme": [
        "This file locks the dependencies of your project to a known state",
        "Read more about it at http://getcomposer.org/doc/01-basic-usage.md#composer-lock-the-lock-file"
    ],
    "hash": "12797a23b9410962dd38865f1c338af3",
    "packages": [
        {
            "name": "firebase/php-jwt",
            "version": "dev-master",
            "target-dir": "Firebase/PHP-JWT",
            "source": {
                "type": "git",
                "url": "https://github.com/firebase/php-jwt.git",
                "reference": "53669d621149e49c2a428722a62acfef3342c260"
            },
            "dist": {
                "type": "zip",
                "url": "https://api.github.com/repos/firebase/php-jwt/zipball/53669d621149e49c2a428722a62acfef3342c260",
                "reference": "53669d621149e49c2a428722a62acfef3342c260",
                "shasum": ""
            },
            "require": {
                "php": ">=5.2.0"
            },
            "type": "library",
            "autoload": {
                "classmap": [
                    "Authentication/"
                ]
            },
            "notification-url": "https://packagist.org/downloads/",
            "license": [
                "BSD-3-Clause"
            ],
            "authors": [
                {
                    "name": "Neuman Vong",
                    "email": "neuman+pear@twilio.com",
                    "role": "Developer"
                },
                {
                    "name": "Anant Narayanan",
                    "email": "anant@php.net",
                    "role": "Developer"
                }
            ],
            "description": "A simple library to encode and decode JSON Web Tokens (JWT) in PHP. Should conform to the current spec.",
            "homepage": "https://github.com/firebase/php-jwt",
            "time": "2013-09-03 20:55:18"
        },
        {
            "name": "indieauth/client",
            "version": "0.1.3",
            "source": {
                "type": "git",
                "url": "https://github.com/indieweb/indieauth-client-php.git",
                "reference": "d0a9748aa643d826616ec1b02fb121f4aba0c9fc"
            },
            "dist": {
                "type": "zip",
                "url": "https://api.github.com/repos/indieweb/indieauth-client-php/zipball/d0a9748aa643d826616ec1b02fb121f4aba0c9fc",
                "reference": "d0a9748aa643d826616ec1b02fb121f4aba0c9fc",
                "shasum": ""
            },
            "require": {
                "indieweb/link-rel-parser": "0.1.1",
                "php": ">5.3.0"
            },
            "type": "library",
            "autoload": {
                "psr-0": {
                    "IndieAuth": "src/"
                }
            },
            "notification-url": "https://packagist.org/downloads/",
            "license": [
                "Apache 2.0"
            ],
            "authors": [
                {
                    "name": "Aaron Parecki",
                    "homepage": "http://aaronparecki.com"
                }
            ],
            "description": "IndieAuth Client Library",
            "time": "2014-03-02 21:07:38"
        },
        {
            "name": "indieweb/link-rel-parser",
            "version": "0.1.1",
            "source": {
                "type": "git",
                "url": "https://github.com/indieweb/link-rel-parser-php.git",
                "reference": "9e0e635fd301a8b1da7bc181f651f029c531dbb6"
            },
            "dist": {
                "type": "zip",
                "url": "https://api.github.com/repos/indieweb/link-rel-parser-php/zipball/9e0e635fd301a8b1da7bc181f651f029c531dbb6",
                "reference": "9e0e635fd301a8b1da7bc181f651f029c531dbb6",
                "shasum": ""
            },
            "require": {
                "php": ">=5.3.0"
            },
            "type": "library",
            "autoload": {
                "files": [
                    "src/IndieWeb/link_rel_parser.php"
                ]
            },
            "notification-url": "https://packagist.org/downloads/",
            "license": [
                "Apache-2.0"
            ],
            "authors": [
                {
                    "name": "Aaron Parecki",
                    "homepage": "http://aaronparecki.com"
                },
                {
                    "name": "Tantek Çelik",
                    "homepage": "http://tantek.com"
                }
            ],
            "description": "Parse rel values from HTTP headers",
            "homepage": "https://github.com/indieweb/link-rel-parser-php",
            "keywords": [
                "http",
                "indieweb",
                "microformats2"
            ],
            "time": "2013-12-23 00:14:58"
        },
        {
            "name": "mf2/mf2",
            "version": "v0.1.23",
            "source": {
                "type": "git",
                "url": "https://github.com/indieweb/php-mf2.git",
                "reference": "9094e4f7ad535e0796f5a384dec42bab81393e0e"
            },
            "dist": {
                "type": "zip",
                "url": "https://api.github.com/repos/indieweb/php-mf2/zipball/9094e4f7ad535e0796f5a384dec42bab81393e0e",
                "reference": "9094e4f7ad535e0796f5a384dec42bab81393e0e",
                "shasum": ""
            },
            "require": {
                "php": ">=5.3.0"
            },
            "require-dev": {
                "phpunit/phpunit": "3.7.*"
            },
            "suggest": {
                "barnabywalters/mf-cleaner": "To more easily handle the canonical data php-mf2 gives you"
            },
            "type": "library",
            "autoload": {
                "psr-0": {
                    "mf2\\Parser": ""
                }
            },
            "notification-url": "https://packagist.org/downloads/",
            "license": [
                "MIT"
            ],
            "authors": [
                {
                    "name": "Barnaby Walters",
                    "homepage": "http://waterpigs.co.uk"
                }
            ],
            "description": "A pure (generic) microformats-2 parser",
            "keywords": [
                "microformats",
                "microformats 2",
                "parser",
                "semantic"
            ],
            "time": "2013-10-20 12:25:50"
        },
        {
            "name": "slim/slim",
            "version": "2.4.3",
            "source": {
                "type": "git",
                "url": "https://github.com/codeguy/Slim.git",
                "reference": "4906b77a07c7bd6ff1a99aea903e940a2d4fa106"
            },
            "dist": {
                "type": "zip",
                "url": "https://api.github.com/repos/codeguy/Slim/zipball/4906b77a07c7bd6ff1a99aea903e940a2d4fa106",
                "reference": "4906b77a07c7bd6ff1a99aea903e940a2d4fa106",
                "shasum": ""
            },
            "require": {
                "php": ">=5.3.0"
            },
            "suggest": {
                "ext-mcrypt": "Required for HTTP cookie encryption"
            },
            "type": "library",
            "autoload": {
                "psr-0": {
                    "Slim": "."
                }
            },
            "notification-url": "https://packagist.org/downloads/",
            "license": [
                "MIT"
            ],
            "authors": [
                {
                    "name": "Josh Lockhart",
                    "email": "info@joshlockhart.com",
                    "homepage": "http://www.joshlockhart.com/"
                }
            ],
            "description": "Slim Framework, a PHP micro framework",
            "homepage": "http://github.com/codeguy/Slim",
            "keywords": [
                "microframework",
                "rest",
                "router"
            ],
            "time": "2014-04-05 18:33:59"
        }
    ],
    "packages-dev": [

    ],
    "aliases": [

    ],
    "minimum-stability": "stable",
    "stability-flags": {
        "firebase/php-jwt": 20
    },
    "platform": [

    ],
    "platform-dev": [

    ]
}
